
Microsoft Visual Studio Solution File, Format Version 12.00
# Visual Studio Version 16
VisualStudioVersion = 16.0.30907.101
MinimumVisualStudioVersion = 10.0.40219.1
Project("{FAE04EC0-301F-11D3-BF4B-00C04F79EFBC}") = "SumOfNumbers", "SumOfNumbers.csproj", "{507724AE-5D8C-4A96-BA87-AF59264DA5AD}"
EndProject
Global
	GlobalSection(SolutionConfigurationPlatforms) = preSolution
		Debug|Any CPU = Debug|Any CPU
		Release|Any CPU = Release|Any CPU
	EndGlobalSection
	GlobalSection(ProjectConfigurationPlatforms) = postSolution
		{507724AE-5D8C-4A96-BA87-AF59264DA5AD}.Debug|Any CPU.ActiveCfg = Debug|Any CPU
		{507724AE-5D8C-4A96-BA87-AF59264DA5AD}.Debug|Any CPU.Build.0 = Debug|Any CPU
		{507724AE-5D8C-4A96-BA87-AF59264DA5AD}.Release|Any CPU.ActiveCfg = Release|Any CPU
		{507724AE-5D8C-4A96-BA87-AF59264DA5AD}.Release|Any CPU.Build.0 = Release|Any CPU
	EndGlobalSection
	GlobalSection(SolutionProperties) = preSolution
		HideSolutionNode = FALSE
	EndGlobalSection
	GlobalSection(ExtensibilityGlobals) = postSolution
		SolutionGuid = {C047AB91-319F-459A-AA9D-2F8F4679ADFB}
	EndGlobalSection
EndGlobal
