
Microsoft Visual Studio Solution File, Format Version 12.00
# Visual Studio Version 16
VisualStudioVersion = 16.0.30907.101
MinimumVisualStudioVersion = 10.0.40219.1
Project("{FAE04EC0-301F-11D3-BF4B-00C04F79EFBC}") = "AverageTenScores", "AverageTenScores.csproj", "{BD9C1D99-7459-4BB6-95CD-FFA8E9987093}"
EndProject
Global
	GlobalSection(SolutionConfigurationPlatforms) = preSolution
		Debug|Any CPU = Debug|Any CPU
		Release|Any CPU = Release|Any CPU
	EndGlobalSection
	GlobalSection(ProjectConfigurationPlatforms) = postSolution
		{BD9C1D99-7459-4BB6-95CD-FFA8E9987093}.Debug|Any CPU.ActiveCfg = Debug|Any CPU
		{BD9C1D99-7459-4BB6-95CD-FFA8E9987093}.Debug|Any CPU.Build.0 = Debug|Any CPU
		{BD9C1D99-7459-4BB6-95CD-FFA8E9987093}.Release|Any CPU.ActiveCfg = Release|Any CPU
		{BD9C1D99-7459-4BB6-95CD-FFA8E9987093}.Release|Any CPU.Build.0 = Release|Any CPU
	EndGlobalSection
	GlobalSection(SolutionProperties) = preSolution
		HideSolutionNode = FALSE
	EndGlobalSection
	GlobalSection(ExtensibilityGlobals) = postSolution
		SolutionGuid = {3F7AB36E-5A6B-4783-9DE0-B07C77D5C432}
	EndGlobalSection
EndGlobal
